version = 1
revision = 3
requires-python = ">=3.8"
resolution-markers = [
    "python_full_version >= '3.10'",
    "python_full_version == '3.9.*'",
    "python_full_version < '3.9'",
]

[[package]]
name = "astunparse"
version = "1.6.3"
source = { registry = "https://pypi.org/simple" }
dependencies = [
    { name = "six", marker = "python_full_version < '3.9'" },
    { name = "wheel", marker = "python_full_version < '3.9'" },
]
sdist = { url = "https://files.pythonhosted.org/packages/f3/af/4182184d3c338792894f34a62672919db7ca008c89abee9b564dd34d8029/astunparse-1.6.3.tar.gz", hash = "sha256:5ad93a8456f0d084c3456d059fd9a92cce667963232cbf763eac3bc5b7940872", size = 18290, upload-time = "2019-12-22T18:12:13.129Z" }
wheels = [
    { url = "https://files.pythonhosted.org/packages/2b/03/13dde6512ad7b4557eb792fbcf0c653af6076b81e5941d36ec61f7ce6028/astunparse-1.6.3-py2.py3-none-any.whl", hash = "sha256:c2652417f2c8b5bb325c885ae329bdf3f86424075c4fd1a128674bc6fba4b8e8", size = 12732, upload-time = "2019-12-22T18:12:11.297Z" },
]

[[package]]
name = "bauplan"
source = { editable = "." }

[package.dev-dependencies]
dev = [
    { name = "griffe", version = "1.4.0", source = { registry = "https://pypi.org/simple" }, marker = "python_full_version < '3.9'" },
    { name = "griffe", version = "1.14.0", source = { registry = "https://pypi.org/simple" }, marker = "python_full_version == '3.9.*'" },
    { name = "griffe", version = "1.15.0", source = { registry = "https://pypi.org/simple" }, marker = "python_full_version >= '3.10'" },
]

[package.metadata]

[package.metadata.requires-dev]
dev = [{ name = "griffe", specifier = ">=1.4.0" }]

[[package]]
name = "colorama"
version = "0.4.6"
source = { registry = "https://pypi.org/simple" }
sdist = { url = "https://files.pythonhosted.org/packages/d8/53/6f443c9a4a8358a93a6792e2acffb9d9d5cb0a5cfd8802644b7b1c9a02e4/colorama-0.4.6.tar.gz", hash = "sha256:08695f5cb7ed6e0531a20572697297273c47b8cae5a63ffc6d6ed5c201be6e44", size = 27697, upload-time = "2022-10-25T02:36:22.414Z" }
wheels = [
    { url = "https://files.pythonhosted.org/packages/d1/d6/3965ed04c63042e047cb6a3e6ed1a63a35087b6a609aa3a15ed8ac56c221/colorama-0.4.6-py2.py3-none-any.whl", hash = "sha256:4f1d9991f5acc0ca119f9d443620b77f9d6b33703e51011c16baf57afb285fc6", size = 25335, upload-time = "2022-10-25T02:36:20.889Z" },
]

[[package]]
name = "griffe"
version = "1.4.0"
source = { registry = "https://pypi.org/simple" }
resolution-markers = [
    "python_full_version < '3.9'",
]
dependencies = [
    { name = "astunparse", marker = "python_full_version < '3.9'" },
    { name = "colorama", marker = "python_full_version < '3.9'" },
]
sdist = { url = "https://files.pythonhosted.org/packages/05/e9/b2c86ad9d69053e497a24ceb25d661094fb321ab4ed39a8b71793dcbae82/griffe-1.4.0.tar.gz", hash = "sha256:8fccc585896d13f1221035d32c50dec65830c87d23f9adb9b1e6f3d63574f7f5", size = 381028, upload-time = "2024-10-11T12:53:54.414Z" }
wheels = [
    { url = "https://files.pythonhosted.org/packages/22/7c/e9e66869c2e4c9b378474e49c993128ec0131ef4721038b6d06e50538caf/griffe-1.4.0-py3-none-any.whl", hash = "sha256:e589de8b8c137e99a46ec45f9598fc0ac5b6868ce824b24db09c02d117b89bc5", size = 127015, upload-time = "2024-10-11T12:53:52.383Z" },
]

[[package]]
name = "griffe"
version = "1.14.0"
source = { registry = "https://pypi.org/simple" }
resolution-markers = [
    "python_full_version == '3.9.*'",
]
dependencies = [
    { name = "colorama", marker = "python_full_version == '3.9.*'" },
]
sdist = { url = "https://files.pythonhosted.org/packages/ec/d7/6c09dd7ce4c7837e4cdb11dce980cb45ae3cd87677298dc3b781b6bce7d3/griffe-1.14.0.tar.gz", hash = "sha256:9d2a15c1eca966d68e00517de5d69dd1bc5c9f2335ef6c1775362ba5b8651a13", size = 424684, upload-time = "2025-09-05T15:02:29.167Z" }
wheels = [
    { url = "https://files.pythonhosted.org/packages/2a/b1/9ff6578d789a89812ff21e4e0f80ffae20a65d5dd84e7a17873fe3b365be/griffe-1.14.0-py3-none-any.whl", hash = "sha256:0e9d52832cccf0f7188cfe585ba962d2674b241c01916d780925df34873bceb0", size = 144439, upload-time = "2025-09-05T15:02:27.511Z" },
]

[[package]]
name = "griffe"
version = "1.15.0"
source = { registry = "https://pypi.org/simple" }
resolution-markers = [
    "python_full_version >= '3.10'",
]
dependencies = [
    { name = "colorama", marker = "python_full_version >= '3.10'" },
]
sdist = { url = "https://files.pythonhosted.org/packages/0d/0c/3a471b6e31951dce2360477420d0a8d1e00dea6cf33b70f3e8c3ab6e28e1/griffe-1.15.0.tar.gz", hash = "sha256:7726e3afd6f298fbc3696e67958803e7ac843c1cfe59734b6251a40cdbfb5eea", size = 424112, upload-time = "2025-11-10T15:03:15.52Z" }
wheels = [
    { url = "https://files.pythonhosted.org/packages/9c/83/3b1d03d36f224edded98e9affd0467630fc09d766c0e56fb1498cbb04a9b/griffe-1.15.0-py3-none-any.whl", hash = "sha256:6f6762661949411031f5fcda9593f586e6ce8340f0ba88921a0f2ef7a81eb9a3", size = 150705, upload-time = "2025-11-10T15:03:13.549Z" },
]

[[package]]
name = "six"
version = "1.17.0"
source = { registry = "https://pypi.org/simple" }
sdist = { url = "https://files.pythonhosted.org/packages/94/e7/b2c673351809dca68a0e064b6af791aa332cf192da575fd474ed7d6f16a2/six-1.17.0.tar.gz", hash = "sha256:ff70335d468e7eb6ec65b95b99d3a2836546063f63acc5171de367e834932a81", size = 34031, upload-time = "2024-12-04T17:35:28.174Z" }
wheels = [
    { url = "https://files.pythonhosted.org/packages/b7/ce/149a00dd41f10bc29e5921b496af8b574d8413afcd5e30dfa0ed46c2cc5e/six-1.17.0-py2.py3-none-any.whl", hash = "sha256:4721f391ed90541fddacab5acf947aa0d3dc7d27b2e1e8eda2be8970586c3274", size = 11050, upload-time = "2024-12-04T17:35:26.475Z" },
]

[[package]]
name = "wheel"
version = "0.45.1"
source = { registry = "https://pypi.org/simple" }
sdist = { url = "https://files.pythonhosted.org/packages/8a/98/2d9906746cdc6a6ef809ae6338005b3f21bb568bea3165cfc6a243fdc25c/wheel-0.45.1.tar.gz", hash = "sha256:661e1abd9198507b1409a20c02106d9670b2576e916d58f520316666abca6729", size = 107545, upload-time = "2024-11-23T00:18:23.513Z" }
wheels = [
    { url = "https://files.pythonhosted.org/packages/0b/2c/87f3254fd8ffd29e4c02732eee68a83a1d3c346ae39bc6822dcbcb697f2b/wheel-0.45.1-py3-none-any.whl", hash = "sha256:708e7481cc80179af0e556bbf0cc00b8444c7321e2700b8d8580231d13017248", size = 72494, upload-time = "2024-11-23T00:18:21.207Z" },
]
